{
  "name": "@pxtrn/timer",
  "version": "2.0.0",
  "lockfileVersion": 2,
  "requires": true,
  "packages": {
    "": {
      "name": "@pxtrn/timer",
      "version": "2.0.0",
      "license": "MIT",
      "dependencies": {
        "cron-parser": "^4.3.0"
      }
    },
    "node_modules/cron-parser": {
      "version": "4.7.0",
      "resolved": "https://registry.npmjs.org/cron-parser/-/cron-parser-4.7.0.tgz",
      "integrity": "sha512-BdAELR+MCT2ZWsIBhZKDuUqIUCBjHHulPJnm53OfdRLA4EWBjva3R+KM5NeidJuGsNXdEcZkjC7SCnkW5rAFSA==",
      "dependencies": {
        "luxon": "^3.1.0"
      },
      "engines": {
        "node": ">=12.0.0"
      }
    },
    "node_modules/luxon": {
      "version": "3.2.1",
      "resolved": "https://registry.npmjs.org/luxon/-/luxon-3.2.1.tgz",
      "integrity": "sha512-QrwPArQCNLAKGO/C+ZIilgIuDnEnKx5QYODdDtbFaxzsbZcc/a7WFq7MhsVYgRlwawLtvOUESTlfJ+hc/USqPg==",
      "engines": {
        "node": ">=12"
      }
    }
  },
  "dependencies": {
    "cron-parser": {
      "version": "4.7.0",
      "resolved": "https://registry.npmjs.org/cron-parser/-/cron-parser-4.7.0.tgz",
      "integrity": "sha512-BdAELR+MCT2ZWsIBhZKDuUqIUCBjHHulPJnm53OfdRLA4EWBjva3R+KM5NeidJuGsNXdEcZkjC7SCnkW5rAFSA==",
      "requires": {
        "luxon": "^3.1.0"
      }
    },
    "luxon": {
      "version": "3.2.1",
      "resolved": "https://registry.npmjs.org/luxon/-/luxon-3.2.1.tgz",
      "integrity": "sha512-QrwPArQCNLAKGO/C+ZIilgIuDnEnKx5QYODdDtbFaxzsbZcc/a7WFq7MhsVYgRlwawLtvOUESTlfJ+hc/USqPg=="
    }
  }
}
