{
  "name": "@pxtrn/timer",
  "version": "1.0.0",
  "lockfileVersion": 2,
  "requires": true,
  "packages": {
    "": {
      "name": "@pxtrn/timer",
      "version": "1.0.0",
      "license": "MIT",
      "dependencies": {
        "cron-parser": "^4.3.0"
      }
    },
    "node_modules/cron-parser": {
      "version": "4.3.0",
      "resolved": "https://registry.npmjs.org/cron-parser/-/cron-parser-4.3.0.tgz",
      "integrity": "sha512-mK6qJ6k9Kn0/U7Cv6LKQnReUW3GqAW4exgwmHJGb3tPgcy0LrS+PeqxPPiwL8uW/4IJsMsCZrCc4vf1nnXMjzA==",
      "dependencies": {
        "luxon": "^1.28.0"
      },
      "engines": {
        "node": ">=0.8"
      }
    },
    "node_modules/luxon": {
      "version": "1.28.0",
      "resolved": "https://registry.npmjs.org/luxon/-/luxon-1.28.0.tgz",
      "integrity": "sha512-TfTiyvZhwBYM/7QdAVDh+7dBTBA29v4ik0Ce9zda3Mnf8on1S5KJI8P2jKFZ8+5C0jhmr0KwJEO/Wdpm0VeWJQ==",
      "engines": {
        "node": "*"
      }
    }
  },
  "dependencies": {
    "cron-parser": {
      "version": "4.3.0",
      "resolved": "https://registry.npmjs.org/cron-parser/-/cron-parser-4.3.0.tgz",
      "integrity": "sha512-mK6qJ6k9Kn0/U7Cv6LKQnReUW3GqAW4exgwmHJGb3tPgcy0LrS+PeqxPPiwL8uW/4IJsMsCZrCc4vf1nnXMjzA==",
      "requires": {
        "luxon": "^1.28.0"
      }
    },
    "luxon": {
      "version": "1.28.0",
      "resolved": "https://registry.npmjs.org/luxon/-/luxon-1.28.0.tgz",
      "integrity": "sha512-TfTiyvZhwBYM/7QdAVDh+7dBTBA29v4ik0Ce9zda3Mnf8on1S5KJI8P2jKFZ8+5C0jhmr0KwJEO/Wdpm0VeWJQ=="
    }
  }
}
